// !$*UTF8*$!
{
	archiveVersion = 1;
	classes = {
	};
	objectVersion = 55;
	objects = {

/* Begin PBXBuildFile section */
		184B356A2808770E00002EED /* SignupFormModel.swift in Sources */ = {isa = PBXBuildFile; fileRef = 184B35692808770E00002EED /* SignupFormModel.swift */; };
		185DDB2A2800C3A200248B68 /* AppDelegate.swift in Sources */ = {isa = PBXBuildFile; fileRef = 185DDB292800C3A200248B68 /* AppDelegate.swift */; };
		185DDB2C2800C3A200248B68 /* SceneDelegate.swift in Sources */ = {isa = PBXBuildFile; fileRef = 185DDB2B2800C3A200248B68 /* SceneDelegate.swift */; };
		185DDB2E2800C3A200248B68 /* ViewController.swift in Sources */ = {isa = PBXBuildFile; fileRef = 185DDB2D2800C3A200248B68 /* ViewController.swift */; };
		185DDB312800C3A200248B68 /* Main.storyboard in Resources */ = {isa = PBXBuildFile; fileRef = 185DDB2F2800C3A200248B68 /* Main.storyboard */; };
		185DDB332800C3A400248B68 /* Assets.xcassets in Resources */ = {isa = PBXBuildFile; fileRef = 185DDB322800C3A400248B68 /* Assets.xcassets */; };
		185DDB362800C3A400248B68 /* LaunchScreen.storyboard in Resources */ = {isa = PBXBuildFile; fileRef = 185DDB342800C3A400248B68 /* LaunchScreen.storyboard */; };
		185DDB412800C3A400248B68 /* swift_testing_practiceTests.swift in Sources */ = {isa = PBXBuildFile; fileRef = 185DDB402800C3A400248B68 /* swift_testing_practiceTests.swift */; };
		185DDB4B2800C3A400248B68 /* swift_testing_practiceUITests.swift in Sources */ = {isa = PBXBuildFile; fileRef = 185DDB4A2800C3A400248B68 /* swift_testing_practiceUITests.swift */; };
		185DDB4D2800C3A400248B68 /* swift_testing_practiceUITestsLaunchTests.swift in Sources */ = {isa = PBXBuildFile; fileRef = 185DDB4C2800C3A400248B68 /* swift_testing_practiceUITestsLaunchTests.swift */; };
		1883D7E7280E260F0075F0BB /* SignupWebServiceTests.swift in Sources */ = {isa = PBXBuildFile; fileRef = 1883D7E6280E260F0075F0BB /* SignupWebServiceTests.swift */; };
		1883D7E9280E266A0075F0BB /* SignUpWebService.swift in Sources */ = {isa = PBXBuildFile; fileRef = 1883D7E8280E266A0075F0BB /* SignUpWebService.swift */; };
		1883D7EC280E290B0075F0BB /* SignUpFromRequestModel.swift in Sources */ = {isa = PBXBuildFile; fileRef = 1883D7EB280E290B0075F0BB /* SignUpFromRequestModel.swift */; };
		1883D7EE280E291C0075F0BB /* SignupResponseModel.swift in Sources */ = {isa = PBXBuildFile; fileRef = 1883D7ED280E291C0075F0BB /* SignupResponseModel.swift */; };
		1883D7F0280E29270075F0BB /* SignupError.swift in Sources */ = {isa = PBXBuildFile; fileRef = 1883D7EF280E29270075F0BB /* SignupError.swift */; };
		188A2814280B1CB800A86055 /* SignupFormModelValidatorTests.swift in Sources */ = {isa = PBXBuildFile; fileRef = 188A2813280B1CB800A86055 /* SignupFormModelValidatorTests.swift */; };
		188A2816280B1D3400A86055 /* SignupFormModelValidator.swift in Sources */ = {isa = PBXBuildFile; fileRef = 188A2815280B1D3400A86055 /* SignupFormModelValidator.swift */; };
		188A2818280B20A100A86055 /* SignupConstants.swift in Sources */ = {isa = PBXBuildFile; fileRef = 188A2817280B20A100A86055 /* SignupConstants.swift */; };
		18EFA86B28157A1500E39B3A /* MockURLProtocol.swift in Sources */ = {isa = PBXBuildFile; fileRef = 18EFA86A28157A1500E39B3A /* MockURLProtocol.swift */; };
/* End PBXBuildFile section */

/* Begin PBXContainerItemProxy section */
		185DDB3D2800C3A400248B68 /* PBXContainerItemProxy */ = {
			isa = PBXContainerItemProxy;
			containerPortal = 185DDB1E2800C3A200248B68 /* Project object */;
			proxyType = 1;
			remoteGlobalIDString = 185DDB252800C3A200248B68;
			remoteInfo = "swift-testing-practice";
		};
		185DDB472800C3A400248B68 /* PBXContainerItemProxy */ = {
			isa = PBXContainerItemProxy;
			containerPortal = 185DDB1E2800C3A200248B68 /* Project object */;
			proxyType = 1;
			remoteGlobalIDString = 185DDB252800C3A200248B68;
			remoteInfo = "swift-testing-practice";
		};
/* End PBXContainerItemProxy section */

/* Begin PBXFileReference section */
		184B35692808770E00002EED /* SignupFormModel.swift */ = {isa = PBXFileReference; lastKnownFileType = sourcecode.swift; path = SignupFormModel.swift; sourceTree = "<group>"; };
		185DDB262800C3A200248B68 /* swift-testing-practice.app */ = {isa = PBXFileReference; explicitFileType = wrapper.application; includeInIndex = 0; path = "swift-testing-practice.app"; sourceTree = BUILT_PRODUCTS_DIR; };
		185DDB292800C3A200248B68 /* AppDelegate.swift */ = {isa = PBXFileReference; lastKnownFileType = sourcecode.swift; path = AppDelegate.swift; sourceTree = "<group>"; };
		185DDB2B2800C3A200248B68 /* SceneDelegate.swift */ = {isa = PBXFileReference; lastKnownFileType = sourcecode.swift; path = SceneDelegate.swift; sourceTree = "<group>"; };
		185DDB2D2800C3A200248B68 /* ViewController.swift */ = {isa = PBXFileReference; lastKnownFileType = sourcecode.swift; path = ViewController.swift; sourceTree = "<group>"; };
		185DDB302800C3A200248B68 /* Base */ = {isa = PBXFileReference; lastKnownFileType = file.storyboard; name = Base; path = Base.lproj/Main.storyboard; sourceTree = "<group>"; };
		185DDB322800C3A400248B68 /* Assets.xcassets */ = {isa = PBXFileReference; lastKnownFileType = folder.assetcatalog; path = Assets.xcassets; sourceTree = "<group>"; };
		185DDB352800C3A400248B68 /* Base */ = {isa = PBXFileReference; lastKnownFileType = file.storyboard; name = Base; path = Base.lproj/LaunchScreen.storyboard; sourceTree = "<group>"; };
		185DDB372800C3A400248B68 /* Info.plist */ = {isa = PBXFileReference; lastKnownFileType = text.plist.xml; path = Info.plist; sourceTree = "<group>"; };
		185DDB3C2800C3A400248B68 /* swift-testing-practiceTests.xctest */ = {isa = PBXFileReference; explicitFileType = wrapper.cfbundle; includeInIndex = 0; path = "swift-testing-practiceTests.xctest"; sourceTree = BUILT_PRODUCTS_DIR; };
		185DDB402800C3A400248B68 /* swift_testing_practiceTests.swift */ = {isa = PBXFileReference; lastKnownFileType = sourcecode.swift; path = swift_testing_practiceTests.swift; sourceTree = "<group>"; };
		185DDB462800C3A400248B68 /* swift-testing-practiceUITests.xctest */ = {isa = PBXFileReference; explicitFileType = wrapper.cfbundle; includeInIndex = 0; path = "swift-testing-practiceUITests.xctest"; sourceTree = BUILT_PRODUCTS_DIR; };
		185DDB4A2800C3A400248B68 /* swift_testing_practiceUITests.swift */ = {isa = PBXFileReference; lastKnownFileType = sourcecode.swift; path = swift_testing_practiceUITests.swift; sourceTree = "<group>"; };
		185DDB4C2800C3A400248B68 /* swift_testing_practiceUITestsLaunchTests.swift */ = {isa = PBXFileReference; lastKnownFileType = sourcecode.swift; path = swift_testing_practiceUITestsLaunchTests.swift; sourceTree = "<group>"; };
		1883D7E6280E260F0075F0BB /* SignupWebServiceTests.swift */ = {isa = PBXFileReference; lastKnownFileType = sourcecode.swift; path = SignupWebServiceTests.swift; sourceTree = "<group>"; };
		1883D7E8280E266A0075F0BB /* SignUpWebService.swift */ = {isa = PBXFileReference; lastKnownFileType = sourcecode.swift; path = SignUpWebService.swift; sourceTree = "<group>"; };
		1883D7EB280E290B0075F0BB /* SignUpFromRequestModel.swift */ = {isa = PBXFileReference; lastKnownFileType = sourcecode.swift; path = SignUpFromRequestModel.swift; sourceTree = "<group>"; };
		1883D7ED280E291C0075F0BB /* SignupResponseModel.swift */ = {isa = PBXFileReference; lastKnownFileType = sourcecode.swift; path = SignupResponseModel.swift; sourceTree = "<group>"; };
		1883D7EF280E29270075F0BB /* SignupError.swift */ = {isa = PBXFileReference; lastKnownFileType = sourcecode.swift; path = SignupError.swift; sourceTree = "<group>"; };
		188A2813280B1CB800A86055 /* SignupFormModelValidatorTests.swift */ = {isa = PBXFileReference; lastKnownFileType = sourcecode.swift; path = SignupFormModelValidatorTests.swift; sourceTree = "<group>"; };
		188A2815280B1D3400A86055 /* SignupFormModelValidator.swift */ = {isa = PBXFileReference; lastKnownFileType = sourcecode.swift; path = SignupFormModelValidator.swift; sourceTree = "<group>"; };
		188A2817280B20A100A86055 /* SignupConstants.swift */ = {isa = PBXFileReference; lastKnownFileType = sourcecode.swift; path = SignupConstants.swift; sourceTree = "<group>"; };
		18EFA86A28157A1500E39B3A /* MockURLProtocol.swift */ = {isa = PBXFileReference; lastKnownFileType = sourcecode.swift; path = MockURLProtocol.swift; sourceTree = "<group>"; };
/* End PBXFileReference section */

/* Begin PBXFrameworksBuildPhase section */
		185DDB232800C3A200248B68 /* Frameworks */ = {
			isa = PBXFrameworksBuildPhase;
			buildActionMask = 2147483647;
			files = (
			);
			runOnlyForDeploymentPostprocessing = 0;
		};
		185DDB392800C3A400248B68 /* Frameworks */ = {
			isa = PBXFrameworksBuildPhase;
			buildActionMask = 2147483647;
			files = (
			);
			runOnlyForDeploymentPostprocessing = 0;
		};
		185DDB432800C3A400248B68 /* Frameworks */ = {
			isa = PBXFrameworksBuildPhase;
			buildActionMask = 2147483647;
			files = (
			);
			runOnlyForDeploymentPostprocessing = 0;
		};
/* End PBXFrameworksBuildPhase section */

/* Begin PBXGroup section */
		185DDB1D2800C3A200248B68 = {
			isa = PBXGroup;
			children = (
				185DDB282800C3A200248B68 /* swift-testing-practice */,
				185DDB3F2800C3A400248B68 /* swift-testing-practiceTests */,
				185DDB492800C3A400248B68 /* swift-testing-practiceUITests */,
				185DDB272800C3A200248B68 /* Products */,
			);
			sourceTree = "<group>";
		};
		185DDB272800C3A200248B68 /* Products */ = {
			isa = PBXGroup;
			children = (
				185DDB262800C3A200248B68 /* swift-testing-practice.app */,
				185DDB3C2800C3A400248B68 /* swift-testing-practiceTests.xctest */,
				185DDB462800C3A400248B68 /* swift-testing-practiceUITests.xctest */,
			);
			name = Products;
			sourceTree = "<group>";
		};
		185DDB282800C3A200248B68 /* swift-testing-practice */ = {
			isa = PBXGroup;
			children = (
				185DDB292800C3A200248B68 /* AppDelegate.swift */,
				185DDB2B2800C3A200248B68 /* SceneDelegate.swift */,
				185DDB2F2800C3A200248B68 /* Main.storyboard */,
				185DDB322800C3A400248B68 /* Assets.xcassets */,
				185DDB342800C3A400248B68 /* LaunchScreen.storyboard */,
				185DDB372800C3A400248B68 /* Info.plist */,
				188A2819280B4B9F00A86055 /* Signup */,
			);
			path = "swift-testing-practice";
			sourceTree = "<group>";
		};
		185DDB3F2800C3A400248B68 /* swift-testing-practiceTests */ = {
			isa = PBXGroup;
			children = (
				18EFA86A28157A1500E39B3A /* MockURLProtocol.swift */,
				1883D7F4280E29A30075F0BB /* Signup */,
			);
			path = "swift-testing-practiceTests";
			sourceTree = "<group>";
		};
		185DDB492800C3A400248B68 /* swift-testing-practiceUITests */ = {
			isa = PBXGroup;
			children = (
				185DDB4A2800C3A400248B68 /* swift_testing_practiceUITests.swift */,
				185DDB4C2800C3A400248B68 /* swift_testing_practiceUITestsLaunchTests.swift */,
			);
			path = "swift-testing-practiceUITests";
			sourceTree = "<group>";
		};
		1883D7EA280E28F20075F0BB /* Models */ = {
			isa = PBXGroup;
			children = (
				184B35692808770E00002EED /* SignupFormModel.swift */,
				1883D7EB280E290B0075F0BB /* SignUpFromRequestModel.swift */,
				1883D7ED280E291C0075F0BB /* SignupResponseModel.swift */,
				1883D7EF280E29270075F0BB /* SignupError.swift */,
			);
			path = Models;
			sourceTree = "<group>";
		};
		1883D7F1280E29560075F0BB /* Utils */ = {
			isa = PBXGroup;
			children = (
				188A2817280B20A100A86055 /* SignupConstants.swift */,
				188A2815280B1D3400A86055 /* SignupFormModelValidator.swift */,
			);
			path = Utils;
			sourceTree = "<group>";
		};
		1883D7F2280E29700075F0BB /* Controller */ = {
			isa = PBXGroup;
			children = (
				185DDB2D2800C3A200248B68 /* ViewController.swift */,
			);
			path = Controller;
			sourceTree = "<group>";
		};
		1883D7F3280E298A0075F0BB /* Network */ = {
			isa = PBXGroup;
			children = (
				1883D7E8280E266A0075F0BB /* SignUpWebService.swift */,
			);
			path = Network;
			sourceTree = "<group>";
		};
		1883D7F4280E29A30075F0BB /* Signup */ = {
			isa = PBXGroup;
			children = (
				188A2813280B1CB800A86055 /* SignupFormModelValidatorTests.swift */,
				185DDB402800C3A400248B68 /* swift_testing_practiceTests.swift */,
				1883D7E6280E260F0075F0BB /* SignupWebServiceTests.swift */,
			);
			path = Signup;
			sourceTree = "<group>";
		};
		188A2819280B4B9F00A86055 /* Signup */ = {
			isa = PBXGroup;
			children = (
				1883D7F3280E298A0075F0BB /* Network */,
				1883D7F2280E29700075F0BB /* Controller */,
				1883D7F1280E29560075F0BB /* Utils */,
				1883D7EA280E28F20075F0BB /* Models */,
			);
			path = Signup;
			sourceTree = "<group>";
		};
/* End PBXGroup section */

/* Begin PBXNativeTarget section */
		185DDB252800C3A200248B68 /* swift-testing-practice */ = {
			isa = PBXNativeTarget;
			buildConfigurationList = 185DDB502800C3A400248B68 /* Build configuration list for PBXNativeTarget "swift-testing-practice" */;
			buildPhases = (
				185DDB222800C3A200248B68 /* Sources */,
				185DDB232800C3A200248B68 /* Frameworks */,
				185DDB242800C3A200248B68 /* Resources */,
			);
			buildRules = (
			);
			dependencies = (
			);
			name = "swift-testing-practice";
			productName = "swift-testing-practice";
			productReference = 185DDB262800C3A200248B68 /* swift-testing-practice.app */;
			productType = "com.apple.product-type.application";
		};
		185DDB3B2800C3A400248B68 /* swift-testing-practiceTests */ = {
			isa = PBXNativeTarget;
			buildConfigurationList = 185DDB532800C3A400248B68 /* Build configuration list for PBXNativeTarget "swift-testing-practiceTests" */;
			buildPhases = (
				185DDB382800C3A400248B68 /* Sources */,
				185DDB392800C3A400248B68 /* Frameworks */,
				185DDB3A2800C3A400248B68 /* Resources */,
			);
			buildRules = (
			);
			dependencies = (
				185DDB3E2800C3A400248B68 /* PBXTargetDependency */,
			);
			name = "swift-testing-practiceTests";
			productName = "swift-testing-practiceTests";
			productReference = 185DDB3C2800C3A400248B68 /* swift-testing-practiceTests.xctest */;
			productType = "com.apple.product-type.bundle.unit-test";
		};
		185DDB452800C3A400248B68 /* swift-testing-practiceUITests */ = {
			isa = PBXNativeTarget;
			buildConfigurationList = 185DDB562800C3A400248B68 /* Build configuration list for PBXNativeTarget "swift-testing-practiceUITests" */;
			buildPhases = (
				185DDB422800C3A400248B68 /* Sources */,
				185DDB432800C3A400248B68 /* Frameworks */,
				185DDB442800C3A400248B68 /* Resources */,
			);
			buildRules = (
			);
			dependencies = (
				185DDB482800C3A400248B68 /* PBXTargetDependency */,
			);
			name = "swift-testing-practiceUITests";
			productName = "swift-testing-practiceUITests";
			productReference = 185DDB462800C3A400248B68 /* swift-testing-practiceUITests.xctest */;
			productType = "com.apple.product-type.bundle.ui-testing";
		};
/* End PBXNativeTarget section */

/* Begin PBXProject section */
		185DDB1E2800C3A200248B68 /* Project object */ = {
			isa = PBXProject;
			attributes = {
				BuildIndependentTargetsInParallel = 1;
				LastSwiftUpdateCheck = 1300;
				LastUpgradeCheck = 1300;
				TargetAttributes = {
					185DDB252800C3A200248B68 = {
						CreatedOnToolsVersion = 13.0;
					};
					185DDB3B2800C3A400248B68 = {
						CreatedOnToolsVersion = 13.0;
						TestTargetID = 185DDB252800C3A200248B68;
					};
					185DDB452800C3A400248B68 = {
						CreatedOnToolsVersion = 13.0;
						TestTargetID = 185DDB252800C3A200248B68;
					};
				};
			};
			buildConfigurationList = 185DDB212800C3A200248B68 /* Build configuration list for PBXProject "swift-testing-practice" */;
			compatibilityVersion = "Xcode 13.0";
			developmentRegion = en;
			hasScannedForEncodings = 0;
			knownRegions = (
				en,
				Base,
			);
			mainGroup = 185DDB1D2800C3A200248B68;
			productRefGroup = 185DDB272800C3A200248B68 /* Products */;
			projectDirPath = "";
			projectRoot = "";
			targets = (
				185DDB252800C3A200248B68 /* swift-testing-practice */,
				185DDB3B2800C3A400248B68 /* swift-testing-practiceTests */,
				185DDB452800C3A400248B68 /* swift-testing-practiceUITests */,
			);
		};
/* End PBXProject section */

/* Begin PBXResourcesBuildPhase section */
		185DDB242800C3A200248B68 /* Resources */ = {
			isa = PBXResourcesBuildPhase;
			buildActionMask = 2147483647;
			files = (
				185DDB362800C3A400248B68 /* LaunchScreen.storyboard in Resources */,
				185DDB332800C3A400248B68 /* Assets.xcassets in Resources */,
				185DDB312800C3A200248B68 /* Main.storyboard in Resources */,
			);
			runOnlyForDeploymentPostprocessing = 0;
		};
		185DDB3A2800C3A400248B68 /* Resources */ = {
			isa = PBXResourcesBuildPhase;
			buildActionMask = 2147483647;
			files = (
			);
			runOnlyForDeploymentPostprocessing = 0;
		};
		185DDB442800C3A400248B68 /* Resources */ = {
			isa = PBXResourcesBuildPhase;
			buildActionMask = 2147483647;
			files = (
			);
			runOnlyForDeploymentPostprocessing = 0;
		};
/* End PBXResourcesBuildPhase section */

/* Begin PBXSourcesBuildPhase section */
		185DDB222800C3A200248B68 /* Sources */ = {
			isa = PBXSourcesBuildPhase;
			buildActionMask = 2147483647;
			files = (
				1883D7F0280E29270075F0BB /* SignupError.swift in Sources */,
				185DDB2E2800C3A200248B68 /* ViewController.swift in Sources */,
				1883D7EE280E291C0075F0BB /* SignupResponseModel.swift in Sources */,
				1883D7E9280E266A0075F0BB /* SignUpWebService.swift in Sources */,
				185DDB2A2800C3A200248B68 /* AppDelegate.swift in Sources */,
				1883D7EC280E290B0075F0BB /* SignUpFromRequestModel.swift in Sources */,
				185DDB2C2800C3A200248B68 /* SceneDelegate.swift in Sources */,
				188A2818280B20A100A86055 /* SignupConstants.swift in Sources */,
				184B356A2808770E00002EED /* SignupFormModel.swift in Sources */,
				188A2816280B1D3400A86055 /* SignupFormModelValidator.swift in Sources */,
			);
			runOnlyForDeploymentPostprocessing = 0;
		};
		185DDB382800C3A400248B68 /* Sources */ = {
			isa = PBXSourcesBuildPhase;
			buildActionMask = 2147483647;
			files = (
				1883D7E7280E260F0075F0BB /* SignupWebServiceTests.swift in Sources */,
				185DDB412800C3A400248B68 /* swift_testing_practiceTests.swift in Sources */,
				188A2814280B1CB800A86055 /* SignupFormModelValidatorTests.swift in Sources */,
				18EFA86B28157A1500E39B3A /* MockURLProtocol.swift in Sources */,
			);
			runOnlyForDeploymentPostprocessing = 0;
		};
		185DDB422800C3A400248B68 /* Sources */ = {
			isa = PBXSourcesBuildPhase;
			buildActionMask = 2147483647;
			files = (
				185DDB4D2800C3A400248B68 /* swift_testing_practiceUITestsLaunchTests.swift in Sources */,
				185DDB4B2800C3A400248B68 /* swift_testing_practiceUITests.swift in Sources */,
			);
			runOnlyForDeploymentPostprocessing = 0;
		};
/* End PBXSourcesBuildPhase section */

/* Begin PBXTargetDependency section */
		185DDB3E2800C3A400248B68 /* PBXTargetDependency */ = {
			isa = PBXTargetDependency;
			target = 185DDB252800C3A200248B68 /* swift-testing-practice */;
			targetProxy = 185DDB3D2800C3A400248B68 /* PBXContainerItemProxy */;
		};
		185DDB482800C3A400248B68 /* PBXTargetDependency */ = {
			isa = PBXTargetDependency;
			target = 185DDB252800C3A200248B68 /* swift-testing-practice */;
			targetProxy = 185DDB472800C3A400248B68 /* PBXContainerItemProxy */;
		};
/* End PBXTargetDependency section */

/* Begin PBXVariantGroup section */
		185DDB2F2800C3A200248B68 /* Main.storyboard */ = {
			isa = PBXVariantGroup;
			children = (
				185DDB302800C3A200248B68 /* Base */,
			);
			name = Main.storyboard;
			sourceTree = "<group>";
		};
		185DDB342800C3A400248B68 /* LaunchScreen.storyboard */ = {
			isa = PBXVariantGroup;
			children = (
				185DDB352800C3A400248B68 /* Base */,
			);
			name = LaunchScreen.storyboard;
			sourceTree = "<group>";
		};
/* End PBXVariantGroup section */

/* Begin XCBuildConfiguration section */
		185DDB4E2800C3A400248B68 /* Debug */ = {
			isa = XCBuildConfiguration;
			buildSettings = {
				ALWAYS_SEARCH_USER_PATHS = NO;
				CLANG_ANALYZER_NONNULL = YES;
				CLANG_ANALYZER_NUMBER_OBJECT_CONVERSION = YES_AGGRESSIVE;
				CLANG_CXX_LANGUAGE_STANDARD = "gnu++17";
				CLANG_CXX_LIBRARY = "libc++";
				CLANG_ENABLE_MODULES = YES;
				CLANG_ENABLE_OBJC_ARC = YES;
				CLANG_ENABLE_OBJC_WEAK = YES;
				CLANG_WARN_BLOCK_CAPTURE_AUTORELEASING = YES;
				CLANG_WARN_BOOL_CONVERSION = YES;
				CLANG_WARN_COMMA = YES;
				CLANG_WARN_CONSTANT_CONVERSION = YES;
				CLANG_WARN_DEPRECATED_OBJC_IMPLEMENTATIONS = YES;
				CLANG_WARN_DIRECT_OBJC_ISA_USAGE = YES_ERROR;
				CLANG_WARN_DOCUMENTATION_COMMENTS = YES;
				CLANG_WARN_EMPTY_BODY = YES;
				CLANG_WARN_ENUM_CONVERSION = YES;
				CLANG_WARN_INFINITE_RECURSION = YES;
				CLANG_WARN_INT_CONVERSION = YES;
				CLANG_WARN_NON_LITERAL_NULL_CONVERSION = YES;
				CLANG_WARN_OBJC_IMPLICIT_RETAIN_SELF = YES;
				CLANG_WARN_OBJC_LITERAL_CONVERSION = YES;
				CLANG_WARN_OBJC_ROOT_CLASS = YES_ERROR;
				CLANG_WARN_QUOTED_INCLUDE_IN_FRAMEWORK_HEADER = YES;
				CLANG_WARN_RANGE_LOOP_ANALYSIS = YES;
				CLANG_WARN_STRICT_PROTOTYPES = YES;
				CLANG_WARN_SUSPICIOUS_MOVE = YES;
				CLANG_WARN_UNGUARDED_AVAILABILITY = YES_AGGRESSIVE;
				CLANG_WARN_UNREACHABLE_CODE = YES;
				CLANG_WARN__DUPLICATE_METHOD_MATCH = YES;
				COPY_PHASE_STRIP = NO;
				DEBUG_INFORMATION_FORMAT = dwarf;
				ENABLE_STRICT_OBJC_MSGSEND = YES;
				ENABLE_TESTABILITY = YES;
				GCC_C_LANGUAGE_STANDARD = gnu11;
				GCC_DYNAMIC_NO_PIC = NO;
				GCC_NO_COMMON_BLOCKS = YES;
				GCC_OPTIMIZATION_LEVEL = 0;
				GCC_PREPROCESSOR_DEFINITIONS = (
					"DEBUG=1",
					"$(inherited)",
				);
				GCC_WARN_64_TO_32_BIT_CONVERSION = YES;
				GCC_WARN_ABOUT_RETURN_TYPE = YES_ERROR;
				GCC_WARN_UNDECLARED_SELECTOR = YES;
				GCC_WARN_UNINITIALIZED_AUTOS = YES_AGGRESSIVE;
				GCC_WARN_UNUSED_FUNCTION = YES;
				GCC_WARN_UNUSED_VARIABLE = YES;
				IPHONEOS_DEPLOYMENT_TARGET = 15.0;
				MTL_ENABLE_DEBUG_INFO = INCLUDE_SOURCE;
				MTL_FAST_MATH = YES;
				ONLY_ACTIVE_ARCH = YES;
				SDKROOT = iphoneos;
				SWIFT_ACTIVE_COMPILATION_CONDITIONS = DEBUG;
				SWIFT_OPTIMIZATION_LEVEL = "-Onone";
			};
			name = Debug;
		};
		185DDB4F2800C3A400248B68 /* Release */ = {
			isa = XCBuildConfiguration;
			buildSettings = {
				ALWAYS_SEARCH_USER_PATHS = NO;
				CLANG_ANALYZER_NONNULL = YES;
				CLANG_ANALYZER_NUMBER_OBJECT_CONVERSION = YES_AGGRESSIVE;
				CLANG_CXX_LANGUAGE_STANDARD = "gnu++17";
				CLANG_CXX_LIBRARY = "libc++";
				CLANG_ENABLE_MODULES = YES;
				CLANG_ENABLE_OBJC_ARC = YES;
				CLANG_ENABLE_OBJC_WEAK = YES;
				CLANG_WARN_BLOCK_CAPTURE_AUTORELEASING = YES;
				CLANG_WARN_BOOL_CONVERSION = YES;
				CLANG_WARN_COMMA = YES;
				CLANG_WARN_CONSTANT_CONVERSION = YES;
				CLANG_WARN_DEPRECATED_OBJC_IMPLEMENTATIONS = YES;
				CLANG_WARN_DIRECT_OBJC_ISA_USAGE = YES_ERROR;
				CLANG_WARN_DOCUMENTATION_COMMENTS = YES;
				CLANG_WARN_EMPTY_BODY = YES;
				CLANG_WARN_ENUM_CONVERSION = YES;
				CLANG_WARN_INFINITE_RECURSION = YES;
				CLANG_WARN_INT_CONVERSION = YES;
				CLANG_WARN_NON_LITERAL_NULL_CONVERSION = YES;
				CLANG_WARN_OBJC_IMPLICIT_RETAIN_SELF = YES;
				CLANG_WARN_OBJC_LITERAL_CONVERSION = YES;
				CLANG_WARN_OBJC_ROOT_CLASS = YES_ERROR;
				CLANG_WARN_QUOTED_INCLUDE_IN_FRAMEWORK_HEADER = YES;
				CLANG_WARN_RANGE_LOOP_ANALYSIS = YES;
				CLANG_WARN_STRICT_PROTOTYPES = YES;
				CLANG_WARN_SUSPICIOUS_MOVE = YES;
				CLANG_WARN_UNGUARDED_AVAILABILITY = YES_AGGRESSIVE;
				CLANG_WARN_UNREACHABLE_CODE = YES;
				CLANG_WARN__DUPLICATE_METHOD_MATCH = YES;
				COPY_PHASE_STRIP = NO;
				DEBUG_INFORMATION_FORMAT = "dwarf-with-dsym";
				ENABLE_NS_ASSERTIONS = NO;
				ENABLE_STRICT_OBJC_MSGSEND = YES;
				GCC_C_LANGUAGE_STANDARD = gnu11;
				GCC_NO_COMMON_BLOCKS = YES;
				GCC_WARN_64_TO_32_BIT_CONVERSION = YES;
				GCC_WARN_ABOUT_RETURN_TYPE = YES_ERROR;
				GCC_WARN_UNDECLARED_SELECTOR = YES;
				GCC_WARN_UNINITIALIZED_AUTOS = YES_AGGRESSIVE;
				GCC_WARN_UNUSED_FUNCTION = YES;
				GCC_WARN_UNUSED_VARIABLE = YES;
				IPHONEOS_DEPLOYMENT_TARGET = 15.0;
				MTL_ENABLE_DEBUG_INFO = NO;
				MTL_FAST_MATH = YES;
				SDKROOT = iphoneos;
				SWIFT_COMPILATION_MODE = wholemodule;
				SWIFT_OPTIMIZATION_LEVEL = "-O";
				VALIDATE_PRODUCT = YES;
			};
			name = Release;
		};
		185DDB512800C3A400248B68 /* Debug */ = {
			isa = XCBuildConfiguration;
			buildSettings = {
				ASSETCATALOG_COMPILER_APPICON_NAME = AppIcon;
				ASSETCATALOG_COMPILER_GLOBAL_ACCENT_COLOR_NAME = AccentColor;
				CODE_SIGN_STYLE = Automatic;
				CURRENT_PROJECT_VERSION = 1;
				DEVELOPMENT_TEAM = 8ZC96J44FA;
				GENERATE_INFOPLIST_FILE = YES;
				INFOPLIST_FILE = "swift-testing-practice/Info.plist";
				INFOPLIST_KEY_UIApplicationSupportsIndirectInputEvents = YES;
				INFOPLIST_KEY_UILaunchStoryboardName = LaunchScreen;
				INFOPLIST_KEY_UIMainStoryboardFile = Main;
				INFOPLIST_KEY_UISupportedInterfaceOrientations_iPad = "UIInterfaceOrientationPortrait UIInterfaceOrientationPortraitUpsideDown UIInterfaceOrientationLandscapeLeft UIInterfaceOrientationLandscapeRight";
				INFOPLIST_KEY_UISupportedInterfaceOrientations_iPhone = "UIInterfaceOrientationPortrait UIInterfaceOrientationLandscapeLeft UIInterfaceOrientationLandscapeRight";
				LD_RUNPATH_SEARCH_PATHS = (
					"$(inherited)",
					"@executable_path/Frameworks",
				);
				MARKETING_VERSION = 1.0;
				PRODUCT_BUNDLE_IDENTIFIER = "com.marcio.swift-testing-practice";
				PRODUCT_NAME = "$(TARGET_NAME)";
				SWIFT_EMIT_LOC_STRINGS = YES;
				SWIFT_VERSION = 5.0;
				TARGETED_DEVICE_FAMILY = "1,2";
			};
			name = Debug;
		};
		185DDB522800C3A400248B68 /* Release */ = {
			isa = XCBuildConfiguration;
			buildSettings = {
				ASSETCATALOG_COMPILER_APPICON_NAME = AppIcon;
				ASSETCATALOG_COMPILER_GLOBAL_ACCENT_COLOR_NAME = AccentColor;
				CODE_SIGN_STYLE = Automatic;
				CURRENT_PROJECT_VERSION = 1;
				DEVELOPMENT_TEAM = 8ZC96J44FA;
				GENERATE_INFOPLIST_FILE = YES;
				INFOPLIST_FILE = "swift-testing-practice/Info.plist";
				INFOPLIST_KEY_UIApplicationSupportsIndirectInputEvents = YES;
				INFOPLIST_KEY_UILaunchStoryboardName = LaunchScreen;
				INFOPLIST_KEY_UIMainStoryboardFile = Main;
				INFOPLIST_KEY_UISupportedInterfaceOrientations_iPad = "UIInterfaceOrientationPortrait UIInterfaceOrientationPortraitUpsideDown UIInterfaceOrientationLandscapeLeft UIInterfaceOrientationLandscapeRight";
				INFOPLIST_KEY_UISupportedInterfaceOrientations_iPhone = "UIInterfaceOrientationPortrait UIInterfaceOrientationLandscapeLeft UIInterfaceOrientationLandscapeRight";
				LD_RUNPATH_SEARCH_PATHS = (
					"$(inherited)",
					"@executable_path/Frameworks",
				);
				MARKETING_VERSION = 1.0;
				PRODUCT_BUNDLE_IDENTIFIER = "com.marcio.swift-testing-practice";
				PRODUCT_NAME = "$(TARGET_NAME)";
				SWIFT_EMIT_LOC_STRINGS = YES;
				SWIFT_VERSION = 5.0;
				TARGETED_DEVICE_FAMILY = "1,2";
			};
			name = Release;
		};
		185DDB542800C3A400248B68 /* Debug */ = {
			isa = XCBuildConfiguration;
			buildSettings = {
				ALWAYS_EMBED_SWIFT_STANDARD_LIBRARIES = YES;
				BUNDLE_LOADER = "$(TEST_HOST)";
				CODE_SIGN_STYLE = Automatic;
				CURRENT_PROJECT_VERSION = 1;
				DEVELOPMENT_TEAM = 8ZC96J44FA;
				GENERATE_INFOPLIST_FILE = YES;
				IPHONEOS_DEPLOYMENT_TARGET = 15.0;
				LD_RUNPATH_SEARCH_PATHS = (
					"$(inherited)",
					"@executable_path/Frameworks",
					"@loader_path/Frameworks",
				);
				MARKETING_VERSION = 1.0;
				PRODUCT_BUNDLE_IDENTIFIER = "com.marcio.swift-testing-practiceTests";
				PRODUCT_NAME = "$(TARGET_NAME)";
				SWIFT_EMIT_LOC_STRINGS = NO;
				SWIFT_VERSION = 5.0;
				TARGETED_DEVICE_FAMILY = "1,2";
				TEST_HOST = "$(BUILT_PRODUCTS_DIR)/swift-testing-practice.app/swift-testing-practice";
			};
			name = Debug;
		};
		185DDB552800C3A400248B68 /* Release */ = {
			isa = XCBuildConfiguration;
			buildSettings = {
				ALWAYS_EMBED_SWIFT_STANDARD_LIBRARIES = YES;
				BUNDLE_LOADER = "$(TEST_HOST)";
				CODE_SIGN_STYLE = Automatic;
				CURRENT_PROJECT_VERSION = 1;
				DEVELOPMENT_TEAM = 8ZC96J44FA;
				GENERATE_INFOPLIST_FILE = YES;
				IPHONEOS_DEPLOYMENT_TARGET = 15.0;
				LD_RUNPATH_SEARCH_PATHS = (
					"$(inherited)",
					"@executable_path/Frameworks",
					"@loader_path/Frameworks",
				);
				MARKETING_VERSION = 1.0;
				PRODUCT_BUNDLE_IDENTIFIER = "com.marcio.swift-testing-practiceTests";
				PRODUCT_NAME = "$(TARGET_NAME)";
				SWIFT_EMIT_LOC_STRINGS = NO;
				SWIFT_VERSION = 5.0;
				TARGETED_DEVICE_FAMILY = "1,2";
				TEST_HOST = "$(BUILT_PRODUCTS_DIR)/swift-testing-practice.app/swift-testing-practice";
			};
			name = Release;
		};
		185DDB572800C3A400248B68 /* Debug */ = {
			isa = XCBuildConfiguration;
			buildSettings = {
				ALWAYS_EMBED_SWIFT_STANDARD_LIBRARIES = YES;
				CODE_SIGN_STYLE = Automatic;
				CURRENT_PROJECT_VERSION = 1;
				DEVELOPMENT_TEAM = 8ZC96J44FA;
				GENERATE_INFOPLIST_FILE = YES;
				LD_RUNPATH_SEARCH_PATHS = (
					"$(inherited)",
					"@executable_path/Frameworks",
					"@loader_path/Frameworks",
				);
				MARKETING_VERSION = 1.0;
				PRODUCT_BUNDLE_IDENTIFIER = "com.marcio.swift-testing-practiceUITests";
				PRODUCT_NAME = "$(TARGET_NAME)";
				SWIFT_EMIT_LOC_STRINGS = NO;
				SWIFT_VERSION = 5.0;
				TARGETED_DEVICE_FAMILY = "1,2";
				TEST_TARGET_NAME = "swift-testing-practice";
			};
			name = Debug;
		};
		185DDB582800C3A400248B68 /* Release */ = {
			isa = XCBuildConfiguration;
			buildSettings = {
				ALWAYS_EMBED_SWIFT_STANDARD_LIBRARIES = YES;
				CODE_SIGN_STYLE = Automatic;
				CURRENT_PROJECT_VERSION = 1;
				DEVELOPMENT_TEAM = 8ZC96J44FA;
				GENERATE_INFOPLIST_FILE = YES;
				LD_RUNPATH_SEARCH_PATHS = (
					"$(inherited)",
					"@executable_path/Frameworks",
					"@loader_path/Frameworks",
				);
				MARKETING_VERSION = 1.0;
				PRODUCT_BUNDLE_IDENTIFIER = "com.marcio.swift-testing-practiceUITests";
				PRODUCT_NAME = "$(TARGET_NAME)";
				SWIFT_EMIT_LOC_STRINGS = NO;
				SWIFT_VERSION = 5.0;
				TARGETED_DEVICE_FAMILY = "1,2";
				TEST_TARGET_NAME = "swift-testing-practice";
			};
			name = Release;
		};
/* End XCBuildConfiguration section */

/* Begin XCConfigurationList section */
		185DDB212800C3A200248B68 /* Build configuration list for PBXProject "swift-testing-practice" */ = {
			isa = XCConfigurationList;
			buildConfigurations = (
				185DDB4E2800C3A400248B68 /* Debug */,
				185DDB4F2800C3A400248B68 /* Release */,
			);
			defaultConfigurationIsVisible = 0;
			defaultConfigurationName = Release;
		};
		185DDB502800C3A400248B68 /* Build configuration list for PBXNativeTarget "swift-testing-practice" */ = {
			isa = XCConfigurationList;
			buildConfigurations = (
				185DDB512800C3A400248B68 /* Debug */,
				185DDB522800C3A400248B68 /* Release */,
			);
			defaultConfigurationIsVisible = 0;
			defaultConfigurationName = Release;
		};
		185DDB532800C3A400248B68 /* Build configuration list for PBXNativeTarget "swift-testing-practiceTests" */ = {
			isa = XCConfigurationList;
			buildConfigurations = (
				185DDB542800C3A400248B68 /* Debug */,
				185DDB552800C3A400248B68 /* Release */,
			);
			defaultConfigurationIsVisible = 0;
			defaultConfigurationName = Release;
		};
		185DDB562800C3A400248B68 /* Build configuration list for PBXNativeTarget "swift-testing-practiceUITests" */ = {
			isa = XCConfigurationList;
			buildConfigurations = (
				185DDB572800C3A400248B68 /* Debug */,
				185DDB582800C3A400248B68 /* Release */,
			);
			defaultConfigurationIsVisible = 0;
			defaultConfigurationName = Release;
		};
/* End XCConfigurationList section */
	};
	rootObject = 185DDB1E2800C3A200248B68 /* Project object */;
}
